// !$*UTF8*$!
{
	archiveVersion = 1;
	classes = {
	};
	objectVersion = 46;
	objects = {

/* Begin PBXBuildFile section */
		B9465E491DC6B8DA001811FE /* AppDelegate.swift in Sources */ = {isa = PBXBuildFile; fileRef = B9465E481DC6B8DA001811FE /* AppDelegate.swift */; };
		B9465E4B1DC6B8DA001811FE /* RecordSoundsViewController.swift in Sources */ = {isa = PBXBuildFile; fileRef = B9465E4A1DC6B8DA001811FE /* RecordSoundsViewController.swift */; };
		B9465E4E1DC6B8DA001811FE /* Main.storyboard in Resources */ = {isa = PBXBuildFile; fileRef = B9465E4C1DC6B8DA001811FE /* Main.storyboard */; };
		B9465E501DC6B8DA001811FE /* Assets.xcassets in Resources */ = {isa = PBXBuildFile; fileRef = B9465E4F1DC6B8DA001811FE /* Assets.xcassets */; };
		B9465E531DC6B8DA001811FE /* LaunchScreen.storyboard in Resources */ = {isa = PBXBuildFile; fileRef = B9465E511DC6B8DA001811FE /* LaunchScreen.storyboard */; };
		B9465E5E1DC6B8DB001811FE /* PitchPerfectTests.swift in Sources */ = {isa = PBXBuildFile; fileRef = B9465E5D1DC6B8DB001811FE /* PitchPerfectTests.swift */; };
		B9465E691DC6B8DB001811FE /* PitchPerfectUITests.swift in Sources */ = {isa = PBXBuildFile; fileRef = B9465E681DC6B8DB001811FE /* PitchPerfectUITests.swift */; };
		B99042E31DCD78C20032E71A /* PlaySoundsViewController.swift in Sources */ = {isa = PBXBuildFile; fileRef = B99042E21DCD78C20032E71A /* PlaySoundsViewController.swift */; };
		B99042E51DCD8A110032E71A /* playsoundsviewcontroller-audio.swift in Sources */ = {isa = PBXBuildFile; fileRef = B99042E41DCD8A110032E71A /* playsoundsviewcontroller-audio.swift */; };
/* End PBXBuildFile section */

/* Begin PBXContainerItemProxy section */
		B9465E5A1DC6B8DA001811FE /* PBXContainerItemProxy */ = {
			isa = PBXContainerItemProxy;
			containerPortal = B9465E3D1DC6B8DA001811FE /* Project object */;
			proxyType = 1;
			remoteGlobalIDString = B9465E441DC6B8DA001811FE;
			remoteInfo = PitchPerfect;
		};
		B9465E651DC6B8DB001811FE /* PBXContainerItemProxy */ = {
			isa = PBXContainerItemProxy;
			containerPortal = B9465E3D1DC6B8DA001811FE /* Project object */;
			proxyType = 1;
			remoteGlobalIDString = B9465E441DC6B8DA001811FE;
			remoteInfo = PitchPerfect;
		};
/* End PBXContainerItemProxy section */

/* Begin PBXFileReference section */
		B9465E451DC6B8DA001811FE /* PitchPerfect.app */ = {isa = PBXFileReference; explicitFileType = wrapper.application; includeInIndex = 0; path = PitchPerfect.app; sourceTree = BUILT_PRODUCTS_DIR; };
		B9465E481DC6B8DA001811FE /* AppDelegate.swift */ = {isa = PBXFileReference; lastKnownFileType = sourcecode.swift; path = AppDelegate.swift; sourceTree = "<group>"; };
		B9465E4A1DC6B8DA001811FE /* RecordSoundsViewController.swift */ = {isa = PBXFileReference; lastKnownFileType = sourcecode.swift; path = RecordSoundsViewController.swift; sourceTree = "<group>"; };
		B9465E4D1DC6B8DA001811FE /* Base */ = {isa = PBXFileReference; lastKnownFileType = file.storyboard; name = Base; path = Base.lproj/Main.storyboard; sourceTree = "<group>"; };
		B9465E4F1DC6B8DA001811FE /* Assets.xcassets */ = {isa = PBXFileReference; lastKnownFileType = folder.assetcatalog; path = Assets.xcassets; sourceTree = "<group>"; };
		B9465E521DC6B8DA001811FE /* Base */ = {isa = PBXFileReference; lastKnownFileType = file.storyboard; name = Base; path = Base.lproj/LaunchScreen.storyboard; sourceTree = "<group>"; };
		B9465E541DC6B8DA001811FE /* Info.plist */ = {isa = PBXFileReference; lastKnownFileType = text.plist.xml; path = Info.plist; sourceTree = "<group>"; };
		B9465E591DC6B8DA001811FE /* PitchPerfectTests.xctest */ = {isa = PBXFileReference; explicitFileType = wrapper.cfbundle; includeInIndex = 0; path = PitchPerfectTests.xctest; sourceTree = BUILT_PRODUCTS_DIR; };
		B9465E5D1DC6B8DB001811FE /* PitchPerfectTests.swift */ = {isa = PBXFileReference; lastKnownFileType = sourcecode.swift; path = PitchPerfectTests.swift; sourceTree = "<group>"; };
		B9465E5F1DC6B8DB001811FE /* Info.plist */ = {isa = PBXFileReference; lastKnownFileType = text.plist.xml; path = Info.plist; sourceTree = "<group>"; };
		B9465E641DC6B8DB001811FE /* PitchPerfectUITests.xctest */ = {isa = PBXFileReference; explicitFileType = wrapper.cfbundle; includeInIndex = 0; path = PitchPerfectUITests.xctest; sourceTree = BUILT_PRODUCTS_DIR; };
		B9465E681DC6B8DB001811FE /* PitchPerfectUITests.swift */ = {isa = PBXFileReference; lastKnownFileType = sourcecode.swift; path = PitchPerfectUITests.swift; sourceTree = "<group>"; };
		B9465E6A1DC6B8DB001811FE /* Info.plist */ = {isa = PBXFileReference; lastKnownFileType = text.plist.xml; path = Info.plist; sourceTree = "<group>"; };
		B99042E21DCD78C20032E71A /* PlaySoundsViewController.swift */ = {isa = PBXFileReference; fileEncoding = 4; lastKnownFileType = sourcecode.swift; path = PlaySoundsViewController.swift; sourceTree = "<group>"; };
		B99042E41DCD8A110032E71A /* playsoundsviewcontroller-audio.swift */ = {isa = PBXFileReference; fileEncoding = 4; lastKnownFileType = sourcecode.swift; name = "playsoundsviewcontroller-audio.swift"; path = "../../../../../Downloads/playsoundsviewcontroller-audio.swift"; sourceTree = "<group>"; };
/* End PBXFileReference section */

/* Begin PBXFrameworksBuildPhase section */
		B9465E421DC6B8DA001811FE /* Frameworks */ = {
			isa = PBXFrameworksBuildPhase;
			buildActionMask = 2147483647;
			files = (
			);
			runOnlyForDeploymentPostprocessing = 0;
		};
		B9465E561DC6B8DA001811FE /* Frameworks */ = {
			isa = PBXFrameworksBuildPhase;
			buildActionMask = 2147483647;
			files = (
			);
			runOnlyForDeploymentPostprocessing = 0;
		};
		B9465E611DC6B8DB001811FE /* Frameworks */ = {
			isa = PBXFrameworksBuildPhase;
			buildActionMask = 2147483647;
			files = (
			);
			runOnlyForDeploymentPostprocessing = 0;
		};
/* End PBXFrameworksBuildPhase section */

/* Begin PBXGroup section */
		B9465E3C1DC6B8DA001811FE = {
			isa = PBXGroup;
			children = (
				B9465E471DC6B8DA001811FE /* PitchPerfect */,
				B9465E5C1DC6B8DA001811FE /* PitchPerfectTests */,
				B9465E671DC6B8DB001811FE /* PitchPerfectUITests */,
				B9465E461DC6B8DA001811FE /* Products */,
			);
			sourceTree = "<group>";
		};
		B9465E461DC6B8DA001811FE /* Products */ = {
			isa = PBXGroup;
			children = (
				B9465E451DC6B8DA001811FE /* PitchPerfect.app */,
				B9465E591DC6B8DA001811FE /* PitchPerfectTests.xctest */,
				B9465E641DC6B8DB001811FE /* PitchPerfectUITests.xctest */,
			);
			name = Products;
			sourceTree = "<group>";
		};
		B9465E471DC6B8DA001811FE /* PitchPerfect */ = {
			isa = PBXGroup;
			children = (
				B99042E41DCD8A110032E71A /* playsoundsviewcontroller-audio.swift */,
				B9465E481DC6B8DA001811FE /* AppDelegate.swift */,
				B9465E4A1DC6B8DA001811FE /* RecordSoundsViewController.swift */,
				B9465E4C1DC6B8DA001811FE /* Main.storyboard */,
				B99042E21DCD78C20032E71A /* PlaySoundsViewController.swift */,
				B9465E4F1DC6B8DA001811FE /* Assets.xcassets */,
				B9465E511DC6B8DA001811FE /* LaunchScreen.storyboard */,
				B9465E541DC6B8DA001811FE /* Info.plist */,
			);
			path = PitchPerfect;
			sourceTree = "<group>";
		};
		B9465E5C1DC6B8DA001811FE /* PitchPerfectTests */ = {
			isa = PBXGroup;
			children = (
				B9465E5D1DC6B8DB001811FE /* PitchPerfectTests.swift */,
				B9465E5F1DC6B8DB001811FE /* Info.plist */,
			);
			path = PitchPerfectTests;
			sourceTree = "<group>";
		};
		B9465E671DC6B8DB001811FE /* PitchPerfectUITests */ = {
			isa = PBXGroup;
			children = (
				B9465E681DC6B8DB001811FE /* PitchPerfectUITests.swift */,
				B9465E6A1DC6B8DB001811FE /* Info.plist */,
			);
			path = PitchPerfectUITests;
			sourceTree = "<group>";
		};
/* End PBXGroup section */

/* Begin PBXNativeTarget section */
		B9465E441DC6B8DA001811FE /* PitchPerfect */ = {
			isa = PBXNativeTarget;
			buildConfigurationList = B9465E6D1DC6B8DB001811FE /* Build configuration list for PBXNativeTarget "PitchPerfect" */;
			buildPhases = (
				B9465E411DC6B8DA001811FE /* Sources */,
				B9465E421DC6B8DA001811FE /* Frameworks */,
				B9465E431DC6B8DA001811FE /* Resources */,
			);
			buildRules = (
			);
			dependencies = (
			);
			name = PitchPerfect;
			productName = PitchPerfect;
			productReference = B9465E451DC6B8DA001811FE /* PitchPerfect.app */;
			productType = "com.apple.product-type.application";
		};
		B9465E581DC6B8DA001811FE /* PitchPerfectTests */ = {
			isa = PBXNativeTarget;
			buildConfigurationList = B9465E701DC6B8DB001811FE /* Build configuration list for PBXNativeTarget "PitchPerfectTests" */;
			buildPhases = (
				B9465E551DC6B8DA001811FE /* Sources */,
				B9465E561DC6B8DA001811FE /* Frameworks */,
				B9465E571DC6B8DA001811FE /* Resources */,
			);
			buildRules = (
			);
			dependencies = (
				B9465E5B1DC6B8DA001811FE /* PBXTargetDependency */,
			);
			name = PitchPerfectTests;
			productName = PitchPerfectTests;
			productReference = B9465E591DC6B8DA001811FE /* PitchPerfectTests.xctest */;
			productType = "com.apple.product-type.bundle.unit-test";
		};
		B9465E631DC6B8DB001811FE /* PitchPerfectUITests */ = {
			isa = PBXNativeTarget;
			buildConfigurationList = B9465E731DC6B8DB001811FE /* Build configuration list for PBXNativeTarget "PitchPerfectUITests" */;
			buildPhases = (
				B9465E601DC6B8DB001811FE /* Sources */,
				B9465E611DC6B8DB001811FE /* Frameworks */,
				B9465E621DC6B8DB001811FE /* Resources */,
			);
			buildRules = (
			);
			dependencies = (
				B9465E661DC6B8DB001811FE /* PBXTargetDependency */,
			);
			name = PitchPerfectUITests;
			productName = PitchPerfectUITests;
			productReference = B9465E641DC6B8DB001811FE /* PitchPerfectUITests.xctest */;
			productType = "com.apple.product-type.bundle.ui-testing";
		};
/* End PBXNativeTarget section */

/* Begin PBXProject section */
		B9465E3D1DC6B8DA001811FE /* Project object */ = {
			isa = PBXProject;
			attributes = {
				LastSwiftUpdateCheck = 0810;
				LastUpgradeCheck = 0810;
				ORGANIZATIONNAME = "Damo de Lemos, Sergio";
				TargetAttributes = {
					B9465E441DC6B8DA001811FE = {
						CreatedOnToolsVersion = 8.1;
						DevelopmentTeam = GB4ME9ZV4Z;
						ProvisioningStyle = Automatic;
					};
					B9465E581DC6B8DA001811FE = {
						CreatedOnToolsVersion = 8.1;
						DevelopmentTeam = GB4ME9ZV4Z;
						ProvisioningStyle = Automatic;
						TestTargetID = B9465E441DC6B8DA001811FE;
					};
					B9465E631DC6B8DB001811FE = {
						CreatedOnToolsVersion = 8.1;
						DevelopmentTeam = GB4ME9ZV4Z;
						ProvisioningStyle = Automatic;
						TestTargetID = B9465E441DC6B8DA001811FE;
					};
				};
			};
			buildConfigurationList = B9465E401DC6B8DA001811FE /* Build configuration list for PBXProject "PitchPerfect" */;
			compatibilityVersion = "Xcode 3.2";
			developmentRegion = English;
			hasScannedForEncodings = 0;
			knownRegions = (
				en,
				Base,
			);
			mainGroup = B9465E3C1DC6B8DA001811FE;
			productRefGroup = B9465E461DC6B8DA001811FE /* Products */;
			projectDirPath = "";
			projectRoot = "";
			targets = (
				B9465E441DC6B8DA001811FE /* PitchPerfect */,
				B9465E581DC6B8DA001811FE /* PitchPerfectTests */,
				B9465E631DC6B8DB001811FE /* PitchPerfectUITests */,
			);
		};
/* End PBXProject section */

/* Begin PBXResourcesBuildPhase section */
		B9465E431DC6B8DA001811FE /* Resources */ = {
			isa = PBXResourcesBuildPhase;
			buildActionMask = 2147483647;
			files = (
				B9465E531DC6B8DA001811FE /* LaunchScreen.storyboard in Resources */,
				B9465E501DC6B8DA001811FE /* Assets.xcassets in Resources */,
				B9465E4E1DC6B8DA001811FE /* Main.storyboard in Resources */,
			);
			runOnlyForDeploymentPostprocessing = 0;
		};
		B9465E571DC6B8DA001811FE /* Resources */ = {
			isa = PBXResourcesBuildPhase;
			buildActionMask = 2147483647;
			files = (
			);
			runOnlyForDeploymentPostprocessing = 0;
		};
		B9465E621DC6B8DB001811FE /* Resources */ = {
			isa = PBXResourcesBuildPhase;
			buildActionMask = 2147483647;
			files = (
			);
			runOnlyForDeploymentPostprocessing = 0;
		};
/* End PBXResourcesBuildPhase section */

/* Begin PBXSourcesBuildPhase section */
		B9465E411DC6B8DA001811FE /* Sources */ = {
			isa = PBXSourcesBuildPhase;
			buildActionMask = 2147483647;
			files = (
				B9465E4B1DC6B8DA001811FE /* RecordSoundsViewController.swift in Sources */,
				B9465E491DC6B8DA001811FE /* AppDelegate.swift in Sources */,
				B99042E31DCD78C20032E71A /* PlaySoundsViewController.swift in Sources */,
				B99042E51DCD8A110032E71A /* playsoundsviewcontroller-audio.swift in Sources */,
			);
			runOnlyForDeploymentPostprocessing = 0;
		};
		B9465E551DC6B8DA001811FE /* Sources */ = {
			isa = PBXSourcesBuildPhase;
			buildActionMask = 2147483647;
			files = (
				B9465E5E1DC6B8DB001811FE /* PitchPerfectTests.swift in Sources */,
			);
			runOnlyForDeploymentPostprocessing = 0;
		};
		B9465E601DC6B8DB001811FE /* Sources */ = {
			isa = PBXSourcesBuildPhase;
			buildActionMask = 2147483647;
			files = (
				B9465E691DC6B8DB001811FE /* PitchPerfectUITests.swift in Sources */,
			);
			runOnlyForDeploymentPostprocessing = 0;
		};
/* End PBXSourcesBuildPhase section */

/* Begin PBXTargetDependency section */
		B9465E5B1DC6B8DA001811FE /* PBXTargetDependency */ = {
			isa = PBXTargetDependency;
			target = B9465E441DC6B8DA001811FE /* PitchPerfect */;
			targetProxy = B9465E5A1DC6B8DA001811FE /* PBXContainerItemProxy */;
		};
		B9465E661DC6B8DB001811FE /* PBXTargetDependency */ = {
			isa = PBXTargetDependency;
			target = B9465E441DC6B8DA001811FE /* PitchPerfect */;
			targetProxy = B9465E651DC6B8DB001811FE /* PBXContainerItemProxy */;
		};
/* End PBXTargetDependency section */

/* Begin PBXVariantGroup section */
		B9465E4C1DC6B8DA001811FE /* Main.storyboard */ = {
			isa = PBXVariantGroup;
			children = (
				B9465E4D1DC6B8DA001811FE /* Base */,
			);
			name = Main.storyboard;
			sourceTree = "<group>";
		};
		B9465E511DC6B8DA001811FE /* LaunchScreen.storyboard */ = {
			isa = PBXVariantGroup;
			children = (
				B9465E521DC6B8DA001811FE /* Base */,
			);
			name = LaunchScreen.storyboard;
			sourceTree = "<group>";
		};
/* End PBXVariantGroup section */

/* Begin XCBuildConfiguration section */
		B9465E6B1DC6B8DB001811FE /* Debug */ = {
			isa = XCBuildConfiguration;
			buildSettings = {
				ALWAYS_SEARCH_USER_PATHS = NO;
				CLANG_ANALYZER_NONNULL = YES;
				CLANG_CXX_LANGUAGE_STANDARD = "gnu++0x";
				CLANG_CXX_LIBRARY = "libc++";
				CLANG_ENABLE_MODULES = YES;
				CLANG_ENABLE_OBJC_ARC = YES;
				CLANG_WARN_BOOL_CONVERSION = YES;
				CLANG_WARN_CONSTANT_CONVERSION = YES;
				CLANG_WARN_DIRECT_OBJC_ISA_USAGE = YES_ERROR;
				CLANG_WARN_DOCUMENTATION_COMMENTS = YES;
				CLANG_WARN_EMPTY_BODY = YES;
				CLANG_WARN_ENUM_CONVERSION = YES;
				CLANG_WARN_INFINITE_RECURSION = YES;
				CLANG_WARN_INT_CONVERSION = YES;
				CLANG_WARN_OBJC_ROOT_CLASS = YES_ERROR;
				CLANG_WARN_SUSPICIOUS_MOVES = YES;
				CLANG_WARN_UNREACHABLE_CODE = YES;
				CLANG_WARN__DUPLICATE_METHOD_MATCH = YES;
				"CODE_SIGN_IDENTITY[sdk=iphoneos*]" = "iPhone Developer";
				COPY_PHASE_STRIP = NO;
				DEBUG_INFORMATION_FORMAT = dwarf;
				ENABLE_STRICT_OBJC_MSGSEND = YES;
				ENABLE_TESTABILITY = YES;
				GCC_C_LANGUAGE_STANDARD = gnu99;
				GCC_DYNAMIC_NO_PIC = NO;
				GCC_NO_COMMON_BLOCKS = YES;
				GCC_OPTIMIZATION_LEVEL = 0;
				GCC_PREPROCESSOR_DEFINITIONS = (
					"DEBUG=1",
					"$(inherited)",
				);
				GCC_WARN_64_TO_32_BIT_CONVERSION = YES;
				GCC_WARN_ABOUT_RETURN_TYPE = YES_ERROR;
				GCC_WARN_UNDECLARED_SELECTOR = YES;
				GCC_WARN_UNINITIALIZED_AUTOS = YES_AGGRESSIVE;
				GCC_WARN_UNUSED_FUNCTION = YES;
				GCC_WARN_UNUSED_VARIABLE = YES;
				IPHONEOS_DEPLOYMENT_TARGET = 10.1;
				MTL_ENABLE_DEBUG_INFO = YES;
				ONLY_ACTIVE_ARCH = YES;
				SDKROOT = iphoneos;
				SWIFT_ACTIVE_COMPILATION_CONDITIONS = DEBUG;
				SWIFT_OPTIMIZATION_LEVEL = "-Onone";
				TARGETED_DEVICE_FAMILY = "1,2";
			};
			name = Debug;
		};
		B9465E6C1DC6B8DB001811FE /* Release */ = {
			isa = XCBuildConfiguration;
			buildSettings = {
				ALWAYS_SEARCH_USER_PATHS = NO;
				CLANG_ANALYZER_NONNULL = YES;
				CLANG_CXX_LANGUAGE_STANDARD = "gnu++0x";
				CLANG_CXX_LIBRARY = "libc++";
				CLANG_ENABLE_MODULES = YES;
				CLANG_ENABLE_OBJC_ARC = YES;
				CLANG_WARN_BOOL_CONVERSION = YES;
				CLANG_WARN_CONSTANT_CONVERSION = YES;
				CLANG_WARN_DIRECT_OBJC_ISA_USAGE = YES_ERROR;
				CLANG_WARN_DOCUMENTATION_COMMENTS = YES;
				CLANG_WARN_EMPTY_BODY = YES;
				CLANG_WARN_ENUM_CONVERSION = YES;
				CLANG_WARN_INFINITE_RECURSION = YES;
				CLANG_WARN_INT_CONVERSION = YES;
				CLANG_WARN_OBJC_ROOT_CLASS = YES_ERROR;
				CLANG_WARN_SUSPICIOUS_MOVES = YES;
				CLANG_WARN_UNREACHABLE_CODE = YES;
				CLANG_WARN__DUPLICATE_METHOD_MATCH = YES;
				"CODE_SIGN_IDENTITY[sdk=iphoneos*]" = "iPhone Developer";
				COPY_PHASE_STRIP = NO;
				DEBUG_INFORMATION_FORMAT = "dwarf-with-dsym";
				ENABLE_NS_ASSERTIONS = NO;
				ENABLE_STRICT_OBJC_MSGSEND = YES;
				GCC_C_LANGUAGE_STANDARD = gnu99;
				GCC_NO_COMMON_BLOCKS = YES;
				GCC_WARN_64_TO_32_BIT_CONVERSION = YES;
				GCC_WARN_ABOUT_RETURN_TYPE = YES_ERROR;
				GCC_WARN_UNDECLARED_SELECTOR = YES;
				GCC_WARN_UNINITIALIZED_AUTOS = YES_AGGRESSIVE;
				GCC_WARN_UNUSED_FUNCTION = YES;
				GCC_WARN_UNUSED_VARIABLE = YES;
				IPHONEOS_DEPLOYMENT_TARGET = 10.1;
				MTL_ENABLE_DEBUG_INFO = NO;
				SDKROOT = iphoneos;
				SWIFT_OPTIMIZATION_LEVEL = "-Owholemodule";
				TARGETED_DEVICE_FAMILY = "1,2";
				VALIDATE_PRODUCT = YES;
			};
			name = Release;
		};
		B9465E6E1DC6B8DB001811FE /* Debug */ = {
			isa = XCBuildConfiguration;
			buildSettings = {
				ASSETCATALOG_COMPILER_APPICON_NAME = AppIcon;
				DEVELOPMENT_TEAM = GB4ME9ZV4Z;
				INFOPLIST_FILE = PitchPerfect/Info.plist;
				LD_RUNPATH_SEARCH_PATHS = "$(inherited) @executable_path/Frameworks";
				PRODUCT_BUNDLE_IDENTIFIER = com.lemoss.PitchPerfect;
				PRODUCT_NAME = "$(TARGET_NAME)";
				SWIFT_VERSION = 3.0;
			};
			name = Debug;
		};
		B9465E6F1DC6B8DB001811FE /* Release */ = {
			isa = XCBuildConfiguration;
			buildSettings = {
				ASSETCATALOG_COMPILER_APPICON_NAME = AppIcon;
				DEVELOPMENT_TEAM = GB4ME9ZV4Z;
				INFOPLIST_FILE = PitchPerfect/Info.plist;
				LD_RUNPATH_SEARCH_PATHS = "$(inherited) @executable_path/Frameworks";
				PRODUCT_BUNDLE_IDENTIFIER = com.lemoss.PitchPerfect;
				PRODUCT_NAME = "$(TARGET_NAME)";
				SWIFT_VERSION = 3.0;
			};
			name = Release;
		};
		B9465E711DC6B8DB001811FE /* Debug */ = {
			isa = XCBuildConfiguration;
			buildSettings = {
				ALWAYS_EMBED_SWIFT_STANDARD_LIBRARIES = YES;
				BUNDLE_LOADER = "$(TEST_HOST)";
				DEVELOPMENT_TEAM = GB4ME9ZV4Z;
				INFOPLIST_FILE = PitchPerfectTests/Info.plist;
				LD_RUNPATH_SEARCH_PATHS = "$(inherited) @executable_path/Frameworks @loader_path/Frameworks";
				PRODUCT_BUNDLE_IDENTIFIER = com.lemoss.PitchPerfectTests;
				PRODUCT_NAME = "$(TARGET_NAME)";
				SWIFT_VERSION = 3.0;
				TEST_HOST = "$(BUILT_PRODUCTS_DIR)/PitchPerfect.app/PitchPerfect";
			};
			name = Debug;
		};
		B9465E721DC6B8DB001811FE /* Release */ = {
			isa = XCBuildConfiguration;
			buildSettings = {
				ALWAYS_EMBED_SWIFT_STANDARD_LIBRARIES = YES;
				BUNDLE_LOADER = "$(TEST_HOST)";
				DEVELOPMENT_TEAM = GB4ME9ZV4Z;
				INFOPLIST_FILE = PitchPerfectTests/Info.plist;
				LD_RUNPATH_SEARCH_PATHS = "$(inherited) @executable_path/Frameworks @loader_path/Frameworks";
				PRODUCT_BUNDLE_IDENTIFIER = com.lemoss.PitchPerfectTests;
				PRODUCT_NAME = "$(TARGET_NAME)";
				SWIFT_VERSION = 3.0;
				TEST_HOST = "$(BUILT_PRODUCTS_DIR)/PitchPerfect.app/PitchPerfect";
			};
			name = Release;
		};
		B9465E741DC6B8DB001811FE /* Debug */ = {
			isa = XCBuildConfiguration;
			buildSettings = {
				ALWAYS_EMBED_SWIFT_STANDARD_LIBRARIES = YES;
				DEVELOPMENT_TEAM = GB4ME9ZV4Z;
				INFOPLIST_FILE = PitchPerfectUITests/Info.plist;
				LD_RUNPATH_SEARCH_PATHS = "$(inherited) @executable_path/Frameworks @loader_path/Frameworks";
				PRODUCT_BUNDLE_IDENTIFIER = com.lemoss.PitchPerfectUITests;
				PRODUCT_NAME = "$(TARGET_NAME)";
				SWIFT_VERSION = 3.0;
				TEST_TARGET_NAME = PitchPerfect;
			};
			name = Debug;
		};
		B9465E751DC6B8DB001811FE /* Release */ = {
			isa = XCBuildConfiguration;
			buildSettings = {
				ALWAYS_EMBED_SWIFT_STANDARD_LIBRARIES = YES;
				DEVELOPMENT_TEAM = GB4ME9ZV4Z;
				INFOPLIST_FILE = PitchPerfectUITests/Info.plist;
				LD_RUNPATH_SEARCH_PATHS = "$(inherited) @executable_path/Frameworks @loader_path/Frameworks";
				PRODUCT_BUNDLE_IDENTIFIER = com.lemoss.PitchPerfectUITests;
				PRODUCT_NAME = "$(TARGET_NAME)";
				SWIFT_VERSION = 3.0;
				TEST_TARGET_NAME = PitchPerfect;
			};
			name = Release;
		};
/* End XCBuildConfiguration section */

/* Begin XCConfigurationList section */
		B9465E401DC6B8DA001811FE /* Build configuration list for PBXProject "PitchPerfect" */ = {
			isa = XCConfigurationList;
			buildConfigurations = (
				B9465E6B1DC6B8DB001811FE /* Debug */,
				B9465E6C1DC6B8DB001811FE /* Release */,
			);
			defaultConfigurationIsVisible = 0;
			defaultConfigurationName = Release;
		};
		B9465E6D1DC6B8DB001811FE /* Build configuration list for PBXNativeTarget "PitchPerfect" */ = {
			isa = XCConfigurationList;
			buildConfigurations = (
				B9465E6E1DC6B8DB001811FE /* Debug */,
				B9465E6F1DC6B8DB001811FE /* Release */,
			);
			defaultConfigurationIsVisible = 0;
			defaultConfigurationName = Release;
		};
		B9465E701DC6B8DB001811FE /* Build configuration list for PBXNativeTarget "PitchPerfectTests" */ = {
			isa = XCConfigurationList;
			buildConfigurations = (
				B9465E711DC6B8DB001811FE /* Debug */,
				B9465E721DC6B8DB001811FE /* Release */,
			);
			defaultConfigurationIsVisible = 0;
			defaultConfigurationName = Release;
		};
		B9465E731DC6B8DB001811FE /* Build configuration list for PBXNativeTarget "PitchPerfectUITests" */ = {
			isa = XCConfigurationList;
			buildConfigurations = (
				B9465E741DC6B8DB001811FE /* Debug */,
				B9465E751DC6B8DB001811FE /* Release */,
			);
			defaultConfigurationIsVisible = 0;
			defaultConfigurationName = Release;
		};
/* End XCConfigurationList section */
	};
	rootObject = B9465E3D1DC6B8DA001811FE /* Project object */;
}
